
Microsoft Visual Studio Solution File, Format Version 12.00
# Visual Studio Version 16
VisualStudioVersion = 16.0.30011.22
MinimumVisualStudioVersion = 10.0.40219.1
Project("{FAE04EC0-301F-11D3-BF4B-00C04F79EFBC}") = "OpencvSamples", "OpencvSamples\OpencvSamples.csproj", "{FB343325-2B41-4DD2-9CF0-17410023D1DF}"
EndProject
Project("{FAE04EC0-301F-11D3-BF4B-00C04F79EFBC}") = "SampleBase", "SampleBase\SampleBase.csproj", "{1CA1F1EB-543B-470A-AB04-9CE1A0017738}"
EndProject
Global
	GlobalSection(SolutionConfigurationPlatforms) = preSolution
		Debug|Any CPU = Debug|Any CPU
		Debug|x64 = Debug|x64
		Debug|x86 = Debug|x86
		Release|Any CPU = Release|Any CPU
		Release|x64 = Release|x64
		Release|x86 = Release|x86
	EndGlobalSection
	GlobalSection(ProjectConfigurationPlatforms) = postSolution
		{FB343325-2B41-4DD2-9CF0-17410023D1DF}.Debug|Any CPU.ActiveCfg = Debug|Any CPU
		{FB343325-2B41-4DD2-9CF0-17410023D1DF}.Debug|Any CPU.Build.0 = Debug|Any CPU
		{FB343325-2B41-4DD2-9CF0-17410023D1DF}.Debug|x64.ActiveCfg = Debug|Any CPU
		{FB343325-2B41-4DD2-9CF0-17410023D1DF}.Debug|x64.Build.0 = Debug|Any CPU
		{FB343325-2B41-4DD2-9CF0-17410023D1DF}.Debug|x86.ActiveCfg = Debug|Any CPU
		{FB343325-2B41-4DD2-9CF0-17410023D1DF}.Debug|x86.Build.0 = Debug|Any CPU
		{FB343325-2B41-4DD2-9CF0-17410023D1DF}.Release|Any CPU.ActiveCfg = Release|Any CPU
		{FB343325-2B41-4DD2-9CF0-17410023D1DF}.Release|Any CPU.Build.0 = Release|Any CPU
		{FB343325-2B41-4DD2-9CF0-17410023D1DF}.Release|x64.ActiveCfg = Release|Any CPU
		{FB343325-2B41-4DD2-9CF0-17410023D1DF}.Release|x64.Build.0 = Release|Any CPU
		{FB343325-2B41-4DD2-9CF0-17410023D1DF}.Release|x86.ActiveCfg = Release|Any CPU
		{FB343325-2B41-4DD2-9CF0-17410023D1DF}.Release|x86.Build.0 = Release|Any CPU
		{1CA1F1EB-543B-470A-AB04-9CE1A0017738}.Debug|Any CPU.ActiveCfg = Debug|Any CPU
		{1CA1F1EB-543B-470A-AB04-9CE1A0017738}.Debug|Any CPU.Build.0 = Debug|Any CPU
		{1CA1F1EB-543B-470A-AB04-9CE1A0017738}.Debug|x64.ActiveCfg = Debug|Any CPU
		{1CA1F1EB-543B-470A-AB04-9CE1A0017738}.Debug|x64.Build.0 = Debug|Any CPU
		{1CA1F1EB-543B-470A-AB04-9CE1A0017738}.Debug|x86.ActiveCfg = Debug|Any CPU
		{1CA1F1EB-543B-470A-AB04-9CE1A0017738}.Debug|x86.Build.0 = Debug|Any CPU
		{1CA1F1EB-543B-470A-AB04-9CE1A0017738}.Release|Any CPU.ActiveCfg = Release|Any CPU
		{1CA1F1EB-543B-470A-AB04-9CE1A0017738}.Release|Any CPU.Build.0 = Release|Any CPU
		{1CA1F1EB-543B-470A-AB04-9CE1A0017738}.Release|x64.ActiveCfg = Release|Any CPU
		{1CA1F1EB-543B-470A-AB04-9CE1A0017738}.Release|x64.Build.0 = Release|Any CPU
		{1CA1F1EB-543B-470A-AB04-9CE1A0017738}.Release|x86.ActiveCfg = Release|Any CPU
		{1CA1F1EB-543B-470A-AB04-9CE1A0017738}.Release|x86.Build.0 = Release|Any CPU
	EndGlobalSection
	GlobalSection(SolutionProperties) = preSolution
		HideSolutionNode = FALSE
	EndGlobalSection
	GlobalSection(ExtensibilityGlobals) = postSolution
		SolutionGuid = {2E81AB83-6933-45AD-972E-92014E7C9D33}
	EndGlobalSection
EndGlobal
